
Microsoft Visual Studio Solution File, Format Version 12.00
# Visual Studio Version 16
VisualStudioVersion = 16.0.31205.134
MinimumVisualStudioVersion = 10.0.40219.1
Project("{FAE04EC0-301F-11D3-BF4B-00C04F79EFBC}") = "RegularPractice.ConsoleApp", "RegularPractice.ConsoleApp\RegularPractice.ConsoleApp.csproj", "{4F11F15C-2E07-41EB-B8CA-32FE57E71005}"
EndProject
Global
	GlobalSection(SolutionConfigurationPlatforms) = preSolution
		Debug|Any CPU = Debug|Any CPU
		Release|Any CPU = Release|Any CPU
	EndGlobalSection
	GlobalSection(ProjectConfigurationPlatforms) = postSolution
		{4F11F15C-2E07-41EB-B8CA-32FE57E71005}.Debug|Any CPU.ActiveCfg = Debug|Any CPU
		{4F11F15C-2E07-41EB-B8CA-32FE57E71005}.Debug|Any CPU.Build.0 = Debug|Any CPU
		{4F11F15C-2E07-41EB-B8CA-32FE57E71005}.Release|Any CPU.ActiveCfg = Release|Any CPU
		{4F11F15C-2E07-41EB-B8CA-32FE57E71005}.Release|Any CPU.Build.0 = Release|Any CPU
	EndGlobalSection
	GlobalSection(SolutionProperties) = preSolution
		HideSolutionNode = FALSE
	EndGlobalSection
	GlobalSection(ExtensibilityGlobals) = postSolution
		SolutionGuid = {57C725F5-4A1E-4EA2-AA9D-DC147765A15D}
	EndGlobalSection
EndGlobal
